
Microsoft Visual Studio Solution File, Format Version 12.00
# Visual Studio 14
VisualStudioVersion = 14.0.24720.0
MinimumVisualStudioVersion = 10.0.40219.1
Project("{FAE04EC0-301F-11D3-BF4B-00C04F79EFBC}") = "Flight", "Flight\Flight.csproj", "{1DABFC85-4BA9-4BBE-9BA2-91C7FD0802D6}"
EndProject
Project("{FAE04EC0-301F-11D3-BF4B-00C04F79EFBC}") = "Flight.Tests", "Flight.Tests\Flight.Tests.csproj", "{6FC36CAD-618E-4CD5-B6AD-792674785774}"
EndProject
Global
	GlobalSection(SolutionConfigurationPlatforms) = preSolution
		Debug|Any CPU = Debug|Any CPU
		Release|Any CPU = Release|Any CPU
	EndGlobalSection
	GlobalSection(ProjectConfigurationPlatforms) = postSolution
		{1DABFC85-4BA9-4BBE-9BA2-91C7FD0802D6}.Debug|Any CPU.ActiveCfg = Debug|Any CPU
		{1DABFC85-4BA9-4BBE-9BA2-91C7FD0802D6}.Debug|Any CPU.Build.0 = Debug|Any CPU
		{1DABFC85-4BA9-4BBE-9BA2-91C7FD0802D6}.Release|Any CPU.ActiveCfg = Release|Any CPU
		{1DABFC85-4BA9-4BBE-9BA2-91C7FD0802D6}.Release|Any CPU.Build.0 = Release|Any CPU
		{6FC36CAD-618E-4CD5-B6AD-792674785774}.Debug|Any CPU.ActiveCfg = Debug|Any CPU
		{6FC36CAD-618E-4CD5-B6AD-792674785774}.Debug|Any CPU.Build.0 = Debug|Any CPU
		{6FC36CAD-618E-4CD5-B6AD-792674785774}.Release|Any CPU.ActiveCfg = Release|Any CPU
		{6FC36CAD-618E-4CD5-B6AD-792674785774}.Release|Any CPU.Build.0 = Release|Any CPU
	EndGlobalSection
	GlobalSection(SolutionProperties) = preSolution
		HideSolutionNode = FALSE
	EndGlobalSection
EndGlobal
