
Microsoft Visual Studio Solution File, Format Version 12.00
# Visual Studio 2012
Project("{FAE04EC0-301F-11D3-BF4B-00C04F79EFBC}") = "PetShop", "PetShop\PetShop.csproj", "{019D7CBF-2E6E-435F-BE63-998E743D5295}"
EndProject
Project("{FAE04EC0-301F-11D3-BF4B-00C04F79EFBC}") = "PetShop.UnitTests", "PetShop.UnitTests\PetShop.UnitTests.csproj", "{58B0FED6-BDD5-4299-B228-EA24BC0A6D66}"
EndProject
Global
	GlobalSection(SolutionConfigurationPlatforms) = preSolution
		Debug|Any CPU = Debug|Any CPU
		Release|Any CPU = Release|Any CPU
	EndGlobalSection
	GlobalSection(ProjectConfigurationPlatforms) = postSolution
		{019D7CBF-2E6E-435F-BE63-998E743D5295}.Debug|Any CPU.ActiveCfg = Debug|Any CPU
		{019D7CBF-2E6E-435F-BE63-998E743D5295}.Debug|Any CPU.Build.0 = Debug|Any CPU
		{019D7CBF-2E6E-435F-BE63-998E743D5295}.Release|Any CPU.ActiveCfg = Release|Any CPU
		{019D7CBF-2E6E-435F-BE63-998E743D5295}.Release|Any CPU.Build.0 = Release|Any CPU
		{58B0FED6-BDD5-4299-B228-EA24BC0A6D66}.Debug|Any CPU.ActiveCfg = Debug|Any CPU
		{58B0FED6-BDD5-4299-B228-EA24BC0A6D66}.Debug|Any CPU.Build.0 = Debug|Any CPU
		{58B0FED6-BDD5-4299-B228-EA24BC0A6D66}.Release|Any CPU.ActiveCfg = Release|Any CPU
		{58B0FED6-BDD5-4299-B228-EA24BC0A6D66}.Release|Any CPU.Build.0 = Release|Any CPU
	EndGlobalSection
	GlobalSection(SolutionProperties) = preSolution
		HideSolutionNode = FALSE
	EndGlobalSection
EndGlobal
