
Microsoft Visual Studio Solution File, Format Version 12.00
# Visual Studio 14
VisualStudioVersion = 14.0.25420.1
MinimumVisualStudioVersion = 10.0.40219.1
Project("{2150E333-8FDC-42A3-9474-1A3956D46DE8}") = "01 - Demo 1 - Delayed", "01 - Demo 1 - Delayed", "{FA7ABFA4-62B8-472A-9E9C-A2FE89B1F3CA}"
EndProject
Project("{2150E333-8FDC-42A3-9474-1A3956D46DE8}") = "02 - Lab 1 - SpaceBook", "02 - Lab 1 - SpaceBook", "{5C9A7D5B-D355-46CA-B8F3-D88655872BF7}"
EndProject
Project("{2150E333-8FDC-42A3-9474-1A3956D46DE8}") = "03 - Lab 2 - Bugfix Dracula", "03 - Lab 2 - Bugfix Dracula", "{D81FC656-AAF8-472D-9A8D-8AB6F5ABDA04}"
EndProject
Project("{2150E333-8FDC-42A3-9474-1A3956D46DE8}") = "04 - Demo 2 - Greeting", "04 - Demo 2 - Greeting", "{24EA43F1-60B2-495C-9DCE-6985864B8123}"
EndProject
Project("{2150E333-8FDC-42A3-9474-1A3956D46DE8}") = "05 - Lab 3 - Petshop", "05 - Lab 3 - Petshop", "{EDEA3539-90CB-4470-8596-BB7EDADC1D5C}"
EndProject
Project("{2150E333-8FDC-42A3-9474-1A3956D46DE8}") = "06 - Lab 4 - Flight", "06 - Lab 4 - Flight", "{1ABE32C2-C263-4A41-A912-87346731A6EC}"
EndProject
Project("{2150E333-8FDC-42A3-9474-1A3956D46DE8}") = "07 - Lab 5 - MovieRental", "07 - Lab 5 - MovieRental", "{C70ADC0F-A123-4E3B-B01B-FE0954138C41}"
EndProject
Project("{FAE04EC0-301F-11D3-BF4B-00C04F79EFBC}") = "SpaceBook.Tests", "02 - Lab 1 - SpaceBook\SpaceBook.Tests\SpaceBook.Tests.csproj", "{BD0D40EA-949A-4721-B689-0556CCBC6EA1}"
EndProject
Project("{FAE04EC0-301F-11D3-BF4B-00C04F79EFBC}") = "VampireSlayer.Tests", "03 - Lab 2 - Bugfix Dracula\VampireSlayer.Tests\VampireSlayer.Tests.csproj", "{0E6AA3D8-09B2-4F53-8EB5-E75219E01F9E}"
EndProject
Project("{FAE04EC0-301F-11D3-BF4B-00C04F79EFBC}") = "Greeting.Tests", "04 - Demo 2 - Greeting\Greeting.Tests\Greeting.Tests.csproj", "{7FEF2652-E372-42C8-A2E1-C2AE9B534B9E}"
EndProject
Project("{FAE04EC0-301F-11D3-BF4B-00C04F79EFBC}") = "PetShop.Tests", "05 - Lab 3 - PetShop\PetShop.Tests\PetShop.Tests.csproj", "{5F584BF1-0D5B-47C2-966D-DCBBD13FA715}"
EndProject
Project("{FAE04EC0-301F-11D3-BF4B-00C04F79EFBC}") = "Flight.Tests", "06 - Lab 4 - Flight\Flight.Tests\Flight.Tests.csproj", "{56FEA60B-1D5C-4463-A118-05EC671D734F}"
EndProject
Project("{FAE04EC0-301F-11D3-BF4B-00C04F79EFBC}") = "MovieRental.Tests", "07 - Lab 5 - MovieRental\MovieRental.Tests\MovieRental.Tests.csproj", "{1591BA4B-AEB8-46C2-AAB8-E67D13D703D8}"
EndProject
Project("{FAE04EC0-301F-11D3-BF4B-00C04F79EFBC}") = "Delayed.Tests", "01 - Demo 1 - Delayed\Delayed.Tests\Delayed.Tests.csproj", "{C1AF7A24-6555-4B4D-91DF-27A2EDFB4335}"
EndProject
Project("{FAE04EC0-301F-11D3-BF4B-00C04F79EFBC}") = "Delayed", "01 - Demo 1 - Delayed\Delayed\Delayed.csproj", "{91536982-F3D2-4FC9-99C8-D249AE884BEA}"
EndProject
Project("{FAE04EC0-301F-11D3-BF4B-00C04F79EFBC}") = "SpaceBook", "02 - Lab 1 - SpaceBook\SpaceBook\SpaceBook.csproj", "{2AC8E231-A42D-4326-99B3-3430765A8CAF}"
EndProject
Project("{FAE04EC0-301F-11D3-BF4B-00C04F79EFBC}") = "VampireSlayer", "03 - Lab 2 - Bugfix Dracula\VampireSlayer\VampireSlayer.csproj", "{A383D9F3-AFAD-4B81-86A9-19C78D87AC97}"
EndProject
Project("{FAE04EC0-301F-11D3-BF4B-00C04F79EFBC}") = "Greeting", "04 - Demo 2 - Greeting\Greeting\Greeting.csproj", "{CC47361C-EA55-4FD6-8352-BA6403BCC0B2}"
EndProject
Project("{FAE04EC0-301F-11D3-BF4B-00C04F79EFBC}") = "PetShop", "05 - Lab 3 - PetShop\PetShop\PetShop.csproj", "{A2316D6E-8680-473E-98E1-29BF750BEBE6}"
EndProject
Project("{FAE04EC0-301F-11D3-BF4B-00C04F79EFBC}") = "Flight", "06 - Lab 4 - Flight\Flight\Flight.csproj", "{05DA3258-4CB1-4C2A-9DAD-ECE408D9EF3F}"
EndProject
Project("{FAE04EC0-301F-11D3-BF4B-00C04F79EFBC}") = "MovieRental", "07 - Lab 5 - MovieRental\MovieRental\MovieRental.csproj", "{27D340A0-B0D3-4C85-BB07-F4D9157D3449}"
EndProject
Project("{2150E333-8FDC-42A3-9474-1A3956D46DE8}") = "08 - Lab 6 - Battle", "08 - Lab 6 - Battle", "{13A2F2D6-4255-47FB-8578-BFBD97033619}"
EndProject
Project("{FAE04EC0-301F-11D3-BF4B-00C04F79EFBC}") = "Battle", "08 - Lab 6 - The Battle\Battle\Battle.csproj", "{7237E6CD-F92A-4D48-9AD2-D53BF04A0AAA}"
EndProject
Project("{FAE04EC0-301F-11D3-BF4B-00C04F79EFBC}") = "Battle.Tests", "08 - Lab 6 - The Battle\Battle.Tests\Battle.Tests.csproj", "{2C06E707-9B05-48EC-B4A5-9C02F0EE943E}"
EndProject
Global
	GlobalSection(SolutionConfigurationPlatforms) = preSolution
		Debug|Any CPU = Debug|Any CPU
		Release|Any CPU = Release|Any CPU
	EndGlobalSection
	GlobalSection(ProjectConfigurationPlatforms) = postSolution
		{BD0D40EA-949A-4721-B689-0556CCBC6EA1}.Debug|Any CPU.ActiveCfg = Debug|Any CPU
		{BD0D40EA-949A-4721-B689-0556CCBC6EA1}.Debug|Any CPU.Build.0 = Debug|Any CPU
		{BD0D40EA-949A-4721-B689-0556CCBC6EA1}.Release|Any CPU.ActiveCfg = Release|Any CPU
		{BD0D40EA-949A-4721-B689-0556CCBC6EA1}.Release|Any CPU.Build.0 = Release|Any CPU
		{0E6AA3D8-09B2-4F53-8EB5-E75219E01F9E}.Debug|Any CPU.ActiveCfg = Debug|Any CPU
		{0E6AA3D8-09B2-4F53-8EB5-E75219E01F9E}.Debug|Any CPU.Build.0 = Debug|Any CPU
		{0E6AA3D8-09B2-4F53-8EB5-E75219E01F9E}.Release|Any CPU.ActiveCfg = Release|Any CPU
		{0E6AA3D8-09B2-4F53-8EB5-E75219E01F9E}.Release|Any CPU.Build.0 = Release|Any CPU
		{7FEF2652-E372-42C8-A2E1-C2AE9B534B9E}.Debug|Any CPU.ActiveCfg = Debug|Any CPU
		{7FEF2652-E372-42C8-A2E1-C2AE9B534B9E}.Debug|Any CPU.Build.0 = Debug|Any CPU
		{7FEF2652-E372-42C8-A2E1-C2AE9B534B9E}.Release|Any CPU.ActiveCfg = Release|Any CPU
		{7FEF2652-E372-42C8-A2E1-C2AE9B534B9E}.Release|Any CPU.Build.0 = Release|Any CPU
		{5F584BF1-0D5B-47C2-966D-DCBBD13FA715}.Debug|Any CPU.ActiveCfg = Debug|Any CPU
		{5F584BF1-0D5B-47C2-966D-DCBBD13FA715}.Debug|Any CPU.Build.0 = Debug|Any CPU
		{5F584BF1-0D5B-47C2-966D-DCBBD13FA715}.Release|Any CPU.ActiveCfg = Release|Any CPU
		{5F584BF1-0D5B-47C2-966D-DCBBD13FA715}.Release|Any CPU.Build.0 = Release|Any CPU
		{56FEA60B-1D5C-4463-A118-05EC671D734F}.Debug|Any CPU.ActiveCfg = Debug|Any CPU
		{56FEA60B-1D5C-4463-A118-05EC671D734F}.Debug|Any CPU.Build.0 = Debug|Any CPU
		{56FEA60B-1D5C-4463-A118-05EC671D734F}.Release|Any CPU.ActiveCfg = Release|Any CPU
		{56FEA60B-1D5C-4463-A118-05EC671D734F}.Release|Any CPU.Build.0 = Release|Any CPU
		{1591BA4B-AEB8-46C2-AAB8-E67D13D703D8}.Debug|Any CPU.ActiveCfg = Debug|Any CPU
		{1591BA4B-AEB8-46C2-AAB8-E67D13D703D8}.Debug|Any CPU.Build.0 = Debug|Any CPU
		{1591BA4B-AEB8-46C2-AAB8-E67D13D703D8}.Release|Any CPU.ActiveCfg = Release|Any CPU
		{1591BA4B-AEB8-46C2-AAB8-E67D13D703D8}.Release|Any CPU.Build.0 = Release|Any CPU
		{C1AF7A24-6555-4B4D-91DF-27A2EDFB4335}.Debug|Any CPU.ActiveCfg = Debug|Any CPU
		{C1AF7A24-6555-4B4D-91DF-27A2EDFB4335}.Debug|Any CPU.Build.0 = Debug|Any CPU
		{C1AF7A24-6555-4B4D-91DF-27A2EDFB4335}.Release|Any CPU.ActiveCfg = Release|Any CPU
		{C1AF7A24-6555-4B4D-91DF-27A2EDFB4335}.Release|Any CPU.Build.0 = Release|Any CPU
		{91536982-F3D2-4FC9-99C8-D249AE884BEA}.Debug|Any CPU.ActiveCfg = Debug|Any CPU
		{91536982-F3D2-4FC9-99C8-D249AE884BEA}.Debug|Any CPU.Build.0 = Debug|Any CPU
		{91536982-F3D2-4FC9-99C8-D249AE884BEA}.Release|Any CPU.ActiveCfg = Release|Any CPU
		{91536982-F3D2-4FC9-99C8-D249AE884BEA}.Release|Any CPU.Build.0 = Release|Any CPU
		{2AC8E231-A42D-4326-99B3-3430765A8CAF}.Debug|Any CPU.ActiveCfg = Debug|Any CPU
		{2AC8E231-A42D-4326-99B3-3430765A8CAF}.Debug|Any CPU.Build.0 = Debug|Any CPU
		{2AC8E231-A42D-4326-99B3-3430765A8CAF}.Release|Any CPU.ActiveCfg = Release|Any CPU
		{2AC8E231-A42D-4326-99B3-3430765A8CAF}.Release|Any CPU.Build.0 = Release|Any CPU
		{A383D9F3-AFAD-4B81-86A9-19C78D87AC97}.Debug|Any CPU.ActiveCfg = Debug|Any CPU
		{A383D9F3-AFAD-4B81-86A9-19C78D87AC97}.Debug|Any CPU.Build.0 = Debug|Any CPU
		{A383D9F3-AFAD-4B81-86A9-19C78D87AC97}.Release|Any CPU.ActiveCfg = Release|Any CPU
		{A383D9F3-AFAD-4B81-86A9-19C78D87AC97}.Release|Any CPU.Build.0 = Release|Any CPU
		{CC47361C-EA55-4FD6-8352-BA6403BCC0B2}.Debug|Any CPU.ActiveCfg = Debug|Any CPU
		{CC47361C-EA55-4FD6-8352-BA6403BCC0B2}.Debug|Any CPU.Build.0 = Debug|Any CPU
		{CC47361C-EA55-4FD6-8352-BA6403BCC0B2}.Release|Any CPU.ActiveCfg = Release|Any CPU
		{CC47361C-EA55-4FD6-8352-BA6403BCC0B2}.Release|Any CPU.Build.0 = Release|Any CPU
		{A2316D6E-8680-473E-98E1-29BF750BEBE6}.Debug|Any CPU.ActiveCfg = Debug|Any CPU
		{A2316D6E-8680-473E-98E1-29BF750BEBE6}.Debug|Any CPU.Build.0 = Debug|Any CPU
		{A2316D6E-8680-473E-98E1-29BF750BEBE6}.Release|Any CPU.ActiveCfg = Release|Any CPU
		{A2316D6E-8680-473E-98E1-29BF750BEBE6}.Release|Any CPU.Build.0 = Release|Any CPU
		{05DA3258-4CB1-4C2A-9DAD-ECE408D9EF3F}.Debug|Any CPU.ActiveCfg = Debug|Any CPU
		{05DA3258-4CB1-4C2A-9DAD-ECE408D9EF3F}.Debug|Any CPU.Build.0 = Debug|Any CPU
		{05DA3258-4CB1-4C2A-9DAD-ECE408D9EF3F}.Release|Any CPU.ActiveCfg = Release|Any CPU
		{05DA3258-4CB1-4C2A-9DAD-ECE408D9EF3F}.Release|Any CPU.Build.0 = Release|Any CPU
		{27D340A0-B0D3-4C85-BB07-F4D9157D3449}.Debug|Any CPU.ActiveCfg = Debug|Any CPU
		{27D340A0-B0D3-4C85-BB07-F4D9157D3449}.Debug|Any CPU.Build.0 = Debug|Any CPU
		{27D340A0-B0D3-4C85-BB07-F4D9157D3449}.Release|Any CPU.ActiveCfg = Release|Any CPU
		{27D340A0-B0D3-4C85-BB07-F4D9157D3449}.Release|Any CPU.Build.0 = Release|Any CPU
		{7237E6CD-F92A-4D48-9AD2-D53BF04A0AAA}.Debug|Any CPU.ActiveCfg = Debug|Any CPU
		{7237E6CD-F92A-4D48-9AD2-D53BF04A0AAA}.Debug|Any CPU.Build.0 = Debug|Any CPU
		{7237E6CD-F92A-4D48-9AD2-D53BF04A0AAA}.Release|Any CPU.ActiveCfg = Release|Any CPU
		{7237E6CD-F92A-4D48-9AD2-D53BF04A0AAA}.Release|Any CPU.Build.0 = Release|Any CPU
		{2C06E707-9B05-48EC-B4A5-9C02F0EE943E}.Debug|Any CPU.ActiveCfg = Debug|Any CPU
		{2C06E707-9B05-48EC-B4A5-9C02F0EE943E}.Debug|Any CPU.Build.0 = Debug|Any CPU
		{2C06E707-9B05-48EC-B4A5-9C02F0EE943E}.Release|Any CPU.ActiveCfg = Release|Any CPU
		{2C06E707-9B05-48EC-B4A5-9C02F0EE943E}.Release|Any CPU.Build.0 = Release|Any CPU
	EndGlobalSection
	GlobalSection(SolutionProperties) = preSolution
		HideSolutionNode = FALSE
	EndGlobalSection
	GlobalSection(NestedProjects) = preSolution
		{BD0D40EA-949A-4721-B689-0556CCBC6EA1} = {5C9A7D5B-D355-46CA-B8F3-D88655872BF7}
		{0E6AA3D8-09B2-4F53-8EB5-E75219E01F9E} = {D81FC656-AAF8-472D-9A8D-8AB6F5ABDA04}
		{7FEF2652-E372-42C8-A2E1-C2AE9B534B9E} = {24EA43F1-60B2-495C-9DCE-6985864B8123}
		{5F584BF1-0D5B-47C2-966D-DCBBD13FA715} = {EDEA3539-90CB-4470-8596-BB7EDADC1D5C}
		{56FEA60B-1D5C-4463-A118-05EC671D734F} = {1ABE32C2-C263-4A41-A912-87346731A6EC}
		{1591BA4B-AEB8-46C2-AAB8-E67D13D703D8} = {C70ADC0F-A123-4E3B-B01B-FE0954138C41}
		{C1AF7A24-6555-4B4D-91DF-27A2EDFB4335} = {FA7ABFA4-62B8-472A-9E9C-A2FE89B1F3CA}
		{91536982-F3D2-4FC9-99C8-D249AE884BEA} = {FA7ABFA4-62B8-472A-9E9C-A2FE89B1F3CA}
		{2AC8E231-A42D-4326-99B3-3430765A8CAF} = {5C9A7D5B-D355-46CA-B8F3-D88655872BF7}
		{A383D9F3-AFAD-4B81-86A9-19C78D87AC97} = {D81FC656-AAF8-472D-9A8D-8AB6F5ABDA04}
		{CC47361C-EA55-4FD6-8352-BA6403BCC0B2} = {24EA43F1-60B2-495C-9DCE-6985864B8123}
		{A2316D6E-8680-473E-98E1-29BF750BEBE6} = {EDEA3539-90CB-4470-8596-BB7EDADC1D5C}
		{05DA3258-4CB1-4C2A-9DAD-ECE408D9EF3F} = {1ABE32C2-C263-4A41-A912-87346731A6EC}
		{27D340A0-B0D3-4C85-BB07-F4D9157D3449} = {C70ADC0F-A123-4E3B-B01B-FE0954138C41}
		{7237E6CD-F92A-4D48-9AD2-D53BF04A0AAA} = {13A2F2D6-4255-47FB-8578-BFBD97033619}
		{2C06E707-9B05-48EC-B4A5-9C02F0EE943E} = {13A2F2D6-4255-47FB-8578-BFBD97033619}
	EndGlobalSection
EndGlobal
